
Microsoft Visual Studio Solution File, Format Version 12.00
# Visual Studio 15
VisualStudioVersion = 15.0.28307.421
MinimumVisualStudioVersion = 10.0.40219.1
Project("{9A19103F-16F7-4668-BE54-9A1E7A4F7556}") = "GAPS.Kidzo.API", "GAPS.Kidzo.API\GAPS.Kidzo.API.csproj", "{22CFBC37-2333-4622-9E0A-6CEDE910DCE8}"
EndProject
Project("{9A19103F-16F7-4668-BE54-9A1E7A4F7556}") = "HelloParent.Entities", "HelloParent.Entities\HelloParent.Entities.csproj", "{1819AF68-4AE7-4D79-8621-7A11C3986590}"
EndProject
Project("{9A19103F-16F7-4668-BE54-9A1E7A4F7556}") = "HelloParent.IServices", "HelloParent.IServices\HelloParent.IServices.csproj", "{F60DFB7A-817A-4BD7-96B0-7DF5C00DA3E3}"
EndProject
Project("{9A19103F-16F7-4668-BE54-9A1E7A4F7556}") = "HelloParent.Services", "HelloParent.Services\HelloParent.Services.csproj", "{11AB95A2-3BAD-4DFF-B677-F65AB155E696}"
EndProject
Project("{9A19103F-16F7-4668-BE54-9A1E7A4F7556}") = "HelloParent.MockData", "HelloParent.MockData\HelloParent.MockData.csproj", "{26DAAC69-BC0E-46A6-8A81-CBE06527D848}"
EndProject
Global
	GlobalSection(SolutionConfigurationPlatforms) = preSolution
		Debug|Any CPU = Debug|Any CPU
		Release|Any CPU = Release|Any CPU
	EndGlobalSection
	GlobalSection(ProjectConfigurationPlatforms) = postSolution
		{22CFBC37-2333-4622-9E0A-6CEDE910DCE8}.Debug|Any CPU.ActiveCfg = Debug|Any CPU
		{22CFBC37-2333-4622-9E0A-6CEDE910DCE8}.Debug|Any CPU.Build.0 = Debug|Any CPU
		{22CFBC37-2333-4622-9E0A-6CEDE910DCE8}.Release|Any CPU.ActiveCfg = Release|Any CPU
		{22CFBC37-2333-4622-9E0A-6CEDE910DCE8}.Release|Any CPU.Build.0 = Release|Any CPU
		{1819AF68-4AE7-4D79-8621-7A11C3986590}.Debug|Any CPU.ActiveCfg = Debug|Any CPU
		{1819AF68-4AE7-4D79-8621-7A11C3986590}.Debug|Any CPU.Build.0 = Debug|Any CPU
		{1819AF68-4AE7-4D79-8621-7A11C3986590}.Release|Any CPU.ActiveCfg = Release|Any CPU
		{1819AF68-4AE7-4D79-8621-7A11C3986590}.Release|Any CPU.Build.0 = Release|Any CPU
		{F60DFB7A-817A-4BD7-96B0-7DF5C00DA3E3}.Debug|Any CPU.ActiveCfg = Debug|Any CPU
		{F60DFB7A-817A-4BD7-96B0-7DF5C00DA3E3}.Debug|Any CPU.Build.0 = Debug|Any CPU
		{F60DFB7A-817A-4BD7-96B0-7DF5C00DA3E3}.Release|Any CPU.ActiveCfg = Release|Any CPU
		{F60DFB7A-817A-4BD7-96B0-7DF5C00DA3E3}.Release|Any CPU.Build.0 = Release|Any CPU
		{11AB95A2-3BAD-4DFF-B677-F65AB155E696}.Debug|Any CPU.ActiveCfg = Debug|Any CPU
		{11AB95A2-3BAD-4DFF-B677-F65AB155E696}.Debug|Any CPU.Build.0 = Debug|Any CPU
		{11AB95A2-3BAD-4DFF-B677-F65AB155E696}.Release|Any CPU.ActiveCfg = Release|Any CPU
		{11AB95A2-3BAD-4DFF-B677-F65AB155E696}.Release|Any CPU.Build.0 = Release|Any CPU
		{26DAAC69-BC0E-46A6-8A81-CBE06527D848}.Debug|Any CPU.ActiveCfg = Debug|Any CPU
		{26DAAC69-BC0E-46A6-8A81-CBE06527D848}.Debug|Any CPU.Build.0 = Debug|Any CPU
		{26DAAC69-BC0E-46A6-8A81-CBE06527D848}.Release|Any CPU.ActiveCfg = Release|Any CPU
		{26DAAC69-BC0E-46A6-8A81-CBE06527D848}.Release|Any CPU.Build.0 = Release|Any CPU
	EndGlobalSection
	GlobalSection(SolutionProperties) = preSolution
		HideSolutionNode = FALSE
	EndGlobalSection
	GlobalSection(ExtensibilityGlobals) = postSolution
		SolutionGuid = {CFB36054-68C9-4090-8819-64A5A6FC9F05}
	EndGlobalSection
EndGlobal
